
Microsoft Visual Studio Solution File, Format Version 12.00
# Visual Studio Version 16
VisualStudioVersion = 16.0.32002.261
MinimumVisualStudioVersion = 10.0.40219.1
Project("{FAE04EC0-301F-11D3-BF4B-00C04F79EFBC}") = "ITMO-BIM_m1-lab17", "ITMO-BIM_m1-lab17\ITMO-BIM_m1-lab17.csproj", "{704D677E-3FB8-4D84-BF34-1B1C51592E3B}"
EndProject
Global
	GlobalSection(SolutionConfigurationPlatforms) = preSolution
		Debug|Any CPU = Debug|Any CPU
		Release|Any CPU = Release|Any CPU
	EndGlobalSection
	GlobalSection(ProjectConfigurationPlatforms) = postSolution
		{704D677E-3FB8-4D84-BF34-1B1C51592E3B}.Debug|Any CPU.ActiveCfg = Debug|Any CPU
		{704D677E-3FB8-4D84-BF34-1B1C51592E3B}.Debug|Any CPU.Build.0 = Debug|Any CPU
		{704D677E-3FB8-4D84-BF34-1B1C51592E3B}.Release|Any CPU.ActiveCfg = Release|Any CPU
		{704D677E-3FB8-4D84-BF34-1B1C51592E3B}.Release|Any CPU.Build.0 = Release|Any CPU
	EndGlobalSection
	GlobalSection(SolutionProperties) = preSolution
		HideSolutionNode = FALSE
	EndGlobalSection
	GlobalSection(ExtensibilityGlobals) = postSolution
		SolutionGuid = {9A69484E-F5ED-412B-99CB-6A873385D9CA}
	EndGlobalSection
EndGlobal
